// !$*UTF8*$!
{
	archiveVersion = 1;
	classes = {
	};
	objectVersion = 56;
	objects = {

/* Begin PBXBuildFile section */
		5418F3CA2BF5866800A27A6A /* AppDelegate.swift in Sources */ = {isa = PBXBuildFile; fileRef = 5418F3C92BF5866800A27A6A /* AppDelegate.swift */; };
		5418F3CC2BF5866800A27A6A /* SceneDelegate.swift in Sources */ = {isa = PBXBuildFile; fileRef = 5418F3CB2BF5866800A27A6A /* SceneDelegate.swift */; };
		5418F3D12BF5866800A27A6A /* Base in Resources */ = {isa = PBXBuildFile; fileRef = 5418F3D02BF5866800A27A6A /* Base */; };
		5418F3D32BF5866900A27A6A /* Assets.xcassets in Resources */ = {isa = PBXBuildFile; fileRef = 5418F3D22BF5866900A27A6A /* Assets.xcassets */; };
		5418F3D62BF5866900A27A6A /* Base in Resources */ = {isa = PBXBuildFile; fileRef = 5418F3D52BF5866900A27A6A /* Base */; };
		5418F3E02BF5875800A27A6A /* SQLiteTableViewController.swift in Sources */ = {isa = PBXBuildFile; fileRef = 5418F3DF2BF5875800A27A6A /* SQLiteTableViewController.swift */; };
		5418F3E82BF59C3000A27A6A /* TodoList.swift in Sources */ = {isa = PBXBuildFile; fileRef = 5418F3E72BF59C3000A27A6A /* TodoList.swift */; };
		5418F3EB2BF5B9DD00A27A6A /* SQLiteTodoList.swift in Sources */ = {isa = PBXBuildFile; fileRef = 5418F3EA2BF5B9DD00A27A6A /* SQLiteTodoList.swift */; };
		5418F3EE2BF5C68D00A27A6A /* AddSQLiteViewController.swift in Sources */ = {isa = PBXBuildFile; fileRef = 5418F3ED2BF5C68D00A27A6A /* AddSQLiteViewController.swift */; };
		5418F3F02BF603FD00A27A6A /* SQLiteTableViewCell.swift in Sources */ = {isa = PBXBuildFile; fileRef = 5418F3EF2BF603FD00A27A6A /* SQLiteTableViewCell.swift */; };
		5418F3F22BF7119000A27A6A /* DetailSQLiteViewController.swift in Sources */ = {isa = PBXBuildFile; fileRef = 5418F3F12BF7119000A27A6A /* DetailSQLiteViewController.swift */; };
		5418F3F92BF8A57000A27A6A /* FireTableViewController.swift in Sources */ = {isa = PBXBuildFile; fileRef = 5418F3F82BF8A57000A27A6A /* FireTableViewController.swift */; };
		5418F3FB2BF8A9E200A27A6A /* FirebaseModel.swift in Sources */ = {isa = PBXBuildFile; fileRef = 5418F3FA2BF8A9E200A27A6A /* FirebaseModel.swift */; };
		5418F3FD2BF8AA0D00A27A6A /* Message.swift in Sources */ = {isa = PBXBuildFile; fileRef = 5418F3FC2BF8AA0D00A27A6A /* Message.swift */; };
		5418F4022BF8AB6600A27A6A /* FirebaseAuth in Frameworks */ = {isa = PBXBuildFile; productRef = 5418F4012BF8AB6600A27A6A /* FirebaseAuth */; };
		5418F4042BF8AB6600A27A6A /* FirebaseFirestore in Frameworks */ = {isa = PBXBuildFile; productRef = 5418F4032BF8AB6600A27A6A /* FirebaseFirestore */; };
		5418F4062BF8AB6600A27A6A /* FirebaseStorage in Frameworks */ = {isa = PBXBuildFile; productRef = 5418F4052BF8AB6600A27A6A /* FirebaseStorage */; };
		5418F40A2BF8ACE300A27A6A /* QueryModel.swift in Sources */ = {isa = PBXBuildFile; fileRef = 5418F4092BF8ACE300A27A6A /* QueryModel.swift */; };
		5418F40C2BF8AF4500A27A6A /* FireTableViewCell.swift in Sources */ = {isa = PBXBuildFile; fileRef = 5418F40B2BF8AF4500A27A6A /* FireTableViewCell.swift */; };
		5418F40E2BF8B40100A27A6A /* insertModel.swift in Sources */ = {isa = PBXBuildFile; fileRef = 5418F40D2BF8B40100A27A6A /* insertModel.swift */; };
		5418F4102BF8B67000A27A6A /* FireAddViewController.swift in Sources */ = {isa = PBXBuildFile; fileRef = 5418F40F2BF8B67000A27A6A /* FireAddViewController.swift */; };
		5418F4672BFACB5700A27A6A /* GoogleService-Info.plist in Resources */ = {isa = PBXBuildFile; fileRef = 5418F4662BFACB5700A27A6A /* GoogleService-Info.plist */; };
		54294CB72BFC1D1C0042E8DA /* FireDetailViewController.swift in Sources */ = {isa = PBXBuildFile; fileRef = 54294CB62BFC1D1C0042E8DA /* FireDetailViewController.swift */; };
		54294CB92BFC1EE20042E8DA /* updateModel.swift in Sources */ = {isa = PBXBuildFile; fileRef = 54294CB82BFC1EE20042E8DA /* updateModel.swift */; };
		54294CBB2BFC1FD30042E8DA /* deleteModel.swift in Sources */ = {isa = PBXBuildFile; fileRef = 54294CBA2BFC1FD30042E8DA /* deleteModel.swift */; };
		54294CBF2BFC54880042E8DA /* TodoListDB.swift in Sources */ = {isa = PBXBuildFile; fileRef = 54294CBE2BFC54880042E8DA /* TodoListDB.swift */; };
		54294CC32BFC55D90042E8DA /* MysqlTableViewController.swift in Sources */ = {isa = PBXBuildFile; fileRef = 54294CC22BFC55D90042E8DA /* MysqlTableViewController.swift */; };
		54294CC52BFC56470042E8DA /* QueryModel.swift in Sources */ = {isa = PBXBuildFile; fileRef = 54294CC42BFC56470042E8DA /* QueryModel.swift */; };
		54294CC72BFC7E9D0042E8DA /* MysqlTableViewCell.swift in Sources */ = {isa = PBXBuildFile; fileRef = 54294CC62BFC7E9D0042E8DA /* MysqlTableViewCell.swift */; };
/* End PBXBuildFile section */

/* Begin PBXFileReference section */
		5418F3C62BF5866800A27A6A /* TodoList.app */ = {isa = PBXFileReference; explicitFileType = wrapper.application; includeInIndex = 0; path = TodoList.app; sourceTree = BUILT_PRODUCTS_DIR; };
		5418F3C92BF5866800A27A6A /* AppDelegate.swift */ = {isa = PBXFileReference; lastKnownFileType = sourcecode.swift; path = AppDelegate.swift; sourceTree = "<group>"; };
		5418F3CB2BF5866800A27A6A /* SceneDelegate.swift */ = {isa = PBXFileReference; lastKnownFileType = sourcecode.swift; path = SceneDelegate.swift; sourceTree = "<group>"; };
		5418F3D02BF5866800A27A6A /* Base */ = {isa = PBXFileReference; lastKnownFileType = file.storyboard; name = Base; path = Base.lproj/Main.storyboard; sourceTree = "<group>"; };
		5418F3D22BF5866900A27A6A /* Assets.xcassets */ = {isa = PBXFileReference; lastKnownFileType = folder.assetcatalog; path = Assets.xcassets; sourceTree = "<group>"; };
		5418F3D52BF5866900A27A6A /* Base */ = {isa = PBXFileReference; lastKnownFileType = file.storyboard; name = Base; path = Base.lproj/LaunchScreen.storyboard; sourceTree = "<group>"; };
		5418F3D72BF5866900A27A6A /* Info.plist */ = {isa = PBXFileReference; lastKnownFileType = text.plist.xml; path = Info.plist; sourceTree = "<group>"; };
		5418F3DF2BF5875800A27A6A /* SQLiteTableViewController.swift */ = {isa = PBXFileReference; lastKnownFileType = sourcecode.swift; path = SQLiteTableViewController.swift; sourceTree = "<group>"; };
		5418F3E72BF59C3000A27A6A /* TodoList.swift */ = {isa = PBXFileReference; lastKnownFileType = sourcecode.swift; path = TodoList.swift; sourceTree = "<group>"; };
		5418F3EA2BF5B9DD00A27A6A /* SQLiteTodoList.swift */ = {isa = PBXFileReference; lastKnownFileType = sourcecode.swift; path = SQLiteTodoList.swift; sourceTree = "<group>"; };
		5418F3ED2BF5C68D00A27A6A /* AddSQLiteViewController.swift */ = {isa = PBXFileReference; lastKnownFileType = sourcecode.swift; path = AddSQLiteViewController.swift; sourceTree = "<group>"; };
		5418F3EF2BF603FD00A27A6A /* SQLiteTableViewCell.swift */ = {isa = PBXFileReference; lastKnownFileType = sourcecode.swift; path = SQLiteTableViewCell.swift; sourceTree = "<group>"; };
		5418F3F12BF7119000A27A6A /* DetailSQLiteViewController.swift */ = {isa = PBXFileReference; lastKnownFileType = sourcecode.swift; path = DetailSQLiteViewController.swift; sourceTree = "<group>"; };
		5418F3F82BF8A57000A27A6A /* FireTableViewController.swift */ = {isa = PBXFileReference; lastKnownFileType = sourcecode.swift; path = FireTableViewController.swift; sourceTree = "<group>"; };
		5418F3FA2BF8A9E200A27A6A /* FirebaseModel.swift */ = {isa = PBXFileReference; lastKnownFileType = sourcecode.swift; path = FirebaseModel.swift; sourceTree = "<group>"; };
		5418F3FC2BF8AA0D00A27A6A /* Message.swift */ = {isa = PBXFileReference; lastKnownFileType = sourcecode.swift; path = Message.swift; sourceTree = "<group>"; };
		5418F4092BF8ACE300A27A6A /* QueryModel.swift */ = {isa = PBXFileReference; lastKnownFileType = sourcecode.swift; path = QueryModel.swift; sourceTree = "<group>"; };
		5418F40B2BF8AF4500A27A6A /* FireTableViewCell.swift */ = {isa = PBXFileReference; lastKnownFileType = sourcecode.swift; path = FireTableViewCell.swift; sourceTree = "<group>"; };
		5418F40D2BF8B40100A27A6A /* insertModel.swift */ = {isa = PBXFileReference; lastKnownFileType = sourcecode.swift; path = insertModel.swift; sourceTree = "<group>"; };
		5418F40F2BF8B67000A27A6A /* FireAddViewController.swift */ = {isa = PBXFileReference; lastKnownFileType = sourcecode.swift; path = FireAddViewController.swift; sourceTree = "<group>"; };
		5418F4662BFACB5700A27A6A /* GoogleService-Info.plist */ = {isa = PBXFileReference; fileEncoding = 4; lastKnownFileType = text.plist.xml; path = "GoogleService-Info.plist"; sourceTree = "<group>"; };
		54294CB62BFC1D1C0042E8DA /* FireDetailViewController.swift */ = {isa = PBXFileReference; lastKnownFileType = sourcecode.swift; path = FireDetailViewController.swift; sourceTree = "<group>"; };
		54294CB82BFC1EE20042E8DA /* updateModel.swift */ = {isa = PBXFileReference; lastKnownFileType = sourcecode.swift; path = updateModel.swift; sourceTree = "<group>"; };
		54294CBA2BFC1FD30042E8DA /* deleteModel.swift */ = {isa = PBXFileReference; lastKnownFileType = sourcecode.swift; path = deleteModel.swift; sourceTree = "<group>"; };
		54294CBE2BFC54880042E8DA /* TodoListDB.swift */ = {isa = PBXFileReference; lastKnownFileType = sourcecode.swift; path = TodoListDB.swift; sourceTree = "<group>"; };
		54294CC22BFC55D90042E8DA /* MysqlTableViewController.swift */ = {isa = PBXFileReference; lastKnownFileType = sourcecode.swift; path = MysqlTableViewController.swift; sourceTree = "<group>"; };
		54294CC42BFC56470042E8DA /* QueryModel.swift */ = {isa = PBXFileReference; lastKnownFileType = sourcecode.swift; path = QueryModel.swift; sourceTree = "<group>"; };
		54294CC62BFC7E9D0042E8DA /* MysqlTableViewCell.swift */ = {isa = PBXFileReference; lastKnownFileType = sourcecode.swift; path = MysqlTableViewCell.swift; sourceTree = "<group>"; };
/* End PBXFileReference section */

/* Begin PBXFrameworksBuildPhase section */
		5418F3C32BF5866800A27A6A /* Frameworks */ = {
			isa = PBXFrameworksBuildPhase;
			buildActionMask = 2147483647;
			files = (
				5418F4022BF8AB6600A27A6A /* FirebaseAuth in Frameworks */,
				5418F4042BF8AB6600A27A6A /* FirebaseFirestore in Frameworks */,
				5418F4062BF8AB6600A27A6A /* FirebaseStorage in Frameworks */,
			);
			runOnlyForDeploymentPostprocessing = 0;
		};
/* End PBXFrameworksBuildPhase section */

/* Begin PBXGroup section */
		5418F3BD2BF5866800A27A6A = {
			isa = PBXGroup;
			children = (
				5418F3C82BF5866800A27A6A /* TodoList */,
				5418F3C72BF5866800A27A6A /* Products */,
			);
			sourceTree = "<group>";
		};
		5418F3C72BF5866800A27A6A /* Products */ = {
			isa = PBXGroup;
			children = (
				5418F3C62BF5866800A27A6A /* TodoList.app */,
			);
			name = Products;
			sourceTree = "<group>";
		};
		5418F3C82BF5866800A27A6A /* TodoList */ = {
			isa = PBXGroup;
			children = (
				5418F3E92BF5B9CC00A27A6A /* VM */,
				5418F3E62BF59C1D00A27A6A /* Model */,
				5418F3E12BF5875D00A27A6A /* View */,
				5418F3C92BF5866800A27A6A /* AppDelegate.swift */,
				5418F3CB2BF5866800A27A6A /* SceneDelegate.swift */,
				5418F3CF2BF5866800A27A6A /* Main.storyboard */,
				5418F4662BFACB5700A27A6A /* GoogleService-Info.plist */,
				5418F3D22BF5866900A27A6A /* Assets.xcassets */,
				5418F3D42BF5866900A27A6A /* LaunchScreen.storyboard */,
				5418F3D72BF5866900A27A6A /* Info.plist */,
			);
			path = TodoList;
			sourceTree = "<group>";
		};
		5418F3E12BF5875D00A27A6A /* View */ = {
			isa = PBXGroup;
			children = (
				54294CBC2BFC52BB0042E8DA /* MySQL */,
				5418F3F32BF8A4CC00A27A6A /* Firebase */,
				5418F3EC2BF5C0D800A27A6A /* SQLite */,
			);
			path = View;
			sourceTree = "<group>";
		};
		5418F3E62BF59C1D00A27A6A /* Model */ = {
			isa = PBXGroup;
			children = (
				54294CBE2BFC54880042E8DA /* TodoListDB.swift */,
				5418F3E72BF59C3000A27A6A /* TodoList.swift */,
				5418F3FA2BF8A9E200A27A6A /* FirebaseModel.swift */,
			);
			path = Model;
			sourceTree = "<group>";
		};
		5418F3E92BF5B9CC00A27A6A /* VM */ = {
			isa = PBXGroup;
			children = (
				54294CBD2BFC52C40042E8DA /* MySQL */,
				5418F4082BF8ACD700A27A6A /* Firebase */,
				5418F4072BF8ACCE00A27A6A /* SQLite */,
			);
			path = VM;
			sourceTree = "<group>";
		};
		5418F3EC2BF5C0D800A27A6A /* SQLite */ = {
			isa = PBXGroup;
			children = (
				5418F3DF2BF5875800A27A6A /* SQLiteTableViewController.swift */,
				5418F3ED2BF5C68D00A27A6A /* AddSQLiteViewController.swift */,
				5418F3EF2BF603FD00A27A6A /* SQLiteTableViewCell.swift */,
				5418F3F12BF7119000A27A6A /* DetailSQLiteViewController.swift */,
			);
			path = SQLite;
			sourceTree = "<group>";
		};
		5418F3F32BF8A4CC00A27A6A /* Firebase */ = {
			isa = PBXGroup;
			children = (
				5418F3F82BF8A57000A27A6A /* FireTableViewController.swift */,
				5418F3FC2BF8AA0D00A27A6A /* Message.swift */,
				5418F40B2BF8AF4500A27A6A /* FireTableViewCell.swift */,
				5418F40F2BF8B67000A27A6A /* FireAddViewController.swift */,
				54294CB62BFC1D1C0042E8DA /* FireDetailViewController.swift */,
			);
			path = Firebase;
			sourceTree = "<group>";
		};
		5418F4072BF8ACCE00A27A6A /* SQLite */ = {
			isa = PBXGroup;
			children = (
				5418F3EA2BF5B9DD00A27A6A /* SQLiteTodoList.swift */,
			);
			path = SQLite;
			sourceTree = "<group>";
		};
		5418F4082BF8ACD700A27A6A /* Firebase */ = {
			isa = PBXGroup;
			children = (
				5418F4092BF8ACE300A27A6A /* QueryModel.swift */,
				5418F40D2BF8B40100A27A6A /* insertModel.swift */,
				54294CB82BFC1EE20042E8DA /* updateModel.swift */,
				54294CBA2BFC1FD30042E8DA /* deleteModel.swift */,
			);
			path = Firebase;
			sourceTree = "<group>";
		};
		54294CBC2BFC52BB0042E8DA /* MySQL */ = {
			isa = PBXGroup;
			children = (
				54294CC22BFC55D90042E8DA /* MysqlTableViewController.swift */,
				54294CC62BFC7E9D0042E8DA /* MysqlTableViewCell.swift */,
			);
			path = MySQL;
			sourceTree = "<group>";
		};
		54294CBD2BFC52C40042E8DA /* MySQL */ = {
			isa = PBXGroup;
			children = (
				54294CC42BFC56470042E8DA /* QueryModel.swift */,
			);
			path = MySQL;
			sourceTree = "<group>";
		};
/* End PBXGroup section */

/* Begin PBXNativeTarget section */
		5418F3C52BF5866800A27A6A /* TodoList */ = {
			isa = PBXNativeTarget;
			buildConfigurationList = 5418F3DA2BF5866900A27A6A /* Build configuration list for PBXNativeTarget "TodoList" */;
			buildPhases = (
				5418F3C22BF5866800A27A6A /* Sources */,
				5418F3C32BF5866800A27A6A /* Frameworks */,
				5418F3C42BF5866800A27A6A /* Resources */,
			);
			buildRules = (
			);
			dependencies = (
			);
			name = TodoList;
			packageProductDependencies = (
				5418F4012BF8AB6600A27A6A /* FirebaseAuth */,
				5418F4032BF8AB6600A27A6A /* FirebaseFirestore */,
				5418F4052BF8AB6600A27A6A /* FirebaseStorage */,
			);
			productName = TodoList;
			productReference = 5418F3C62BF5866800A27A6A /* TodoList.app */;
			productType = "com.apple.product-type.application";
		};
/* End PBXNativeTarget section */

/* Begin PBXProject section */
		5418F3BE2BF5866800A27A6A /* Project object */ = {
			isa = PBXProject;
			attributes = {
				BuildIndependentTargetsInParallel = 1;
				LastSwiftUpdateCheck = 1530;
				LastUpgradeCheck = 1530;
				TargetAttributes = {
					5418F3C52BF5866800A27A6A = {
						CreatedOnToolsVersion = 15.3;
					};
				};
			};
			buildConfigurationList = 5418F3C12BF5866800A27A6A /* Build configuration list for PBXProject "TodoList" */;
			compatibilityVersion = "Xcode 14.0";
			developmentRegion = en;
			hasScannedForEncodings = 0;
			knownRegions = (
				en,
				Base,
			);
			mainGroup = 5418F3BD2BF5866800A27A6A;
			packageReferences = (
				5418F4002BF8AB6600A27A6A /* XCRemoteSwiftPackageReference "firebase-ios-sdk" */,
			);
			productRefGroup = 5418F3C72BF5866800A27A6A /* Products */;
			projectDirPath = "";
			projectRoot = "";
			targets = (
				5418F3C52BF5866800A27A6A /* TodoList */,
			);
		};
/* End PBXProject section */

/* Begin PBXResourcesBuildPhase section */
		5418F3C42BF5866800A27A6A /* Resources */ = {
			isa = PBXResourcesBuildPhase;
			buildActionMask = 2147483647;
			files = (
				5418F3D32BF5866900A27A6A /* Assets.xcassets in Resources */,
				5418F4672BFACB5700A27A6A /* GoogleService-Info.plist in Resources */,
				5418F3D62BF5866900A27A6A /* Base in Resources */,
				5418F3D12BF5866800A27A6A /* Base in Resources */,
			);
			runOnlyForDeploymentPostprocessing = 0;
		};
/* End PBXResourcesBuildPhase section */

/* Begin PBXSourcesBuildPhase section */
		5418F3C22BF5866800A27A6A /* Sources */ = {
			isa = PBXSourcesBuildPhase;
			buildActionMask = 2147483647;
			files = (
				5418F40C2BF8AF4500A27A6A /* FireTableViewCell.swift in Sources */,
				5418F3FB2BF8A9E200A27A6A /* FirebaseModel.swift in Sources */,
				54294CB92BFC1EE20042E8DA /* updateModel.swift in Sources */,
				5418F40E2BF8B40100A27A6A /* insertModel.swift in Sources */,
				5418F3F02BF603FD00A27A6A /* SQLiteTableViewCell.swift in Sources */,
				5418F3EB2BF5B9DD00A27A6A /* SQLiteTodoList.swift in Sources */,
				54294CC32BFC55D90042E8DA /* MysqlTableViewController.swift in Sources */,
				54294CB72BFC1D1C0042E8DA /* FireDetailViewController.swift in Sources */,
				54294CBF2BFC54880042E8DA /* TodoListDB.swift in Sources */,
				5418F3F22BF7119000A27A6A /* DetailSQLiteViewController.swift in Sources */,
				54294CC72BFC7E9D0042E8DA /* MysqlTableViewCell.swift in Sources */,
				5418F40A2BF8ACE300A27A6A /* QueryModel.swift in Sources */,
				5418F3CA2BF5866800A27A6A /* AppDelegate.swift in Sources */,
				5418F3EE2BF5C68D00A27A6A /* AddSQLiteViewController.swift in Sources */,
				5418F3E02BF5875800A27A6A /* SQLiteTableViewController.swift in Sources */,
				5418F4102BF8B67000A27A6A /* FireAddViewController.swift in Sources */,
				5418F3E82BF59C3000A27A6A /* TodoList.swift in Sources */,
				5418F3FD2BF8AA0D00A27A6A /* Message.swift in Sources */,
				54294CBB2BFC1FD30042E8DA /* deleteModel.swift in Sources */,
				54294CC52BFC56470042E8DA /* QueryModel.swift in Sources */,
				5418F3CC2BF5866800A27A6A /* SceneDelegate.swift in Sources */,
				5418F3F92BF8A57000A27A6A /* FireTableViewController.swift in Sources */,
			);
			runOnlyForDeploymentPostprocessing = 0;
		};
/* End PBXSourcesBuildPhase section */

/* Begin PBXVariantGroup section */
		5418F3CF2BF5866800A27A6A /* Main.storyboard */ = {
			isa = PBXVariantGroup;
			children = (
				5418F3D02BF5866800A27A6A /* Base */,
			);
			name = Main.storyboard;
			sourceTree = "<group>";
		};
		5418F3D42BF5866900A27A6A /* LaunchScreen.storyboard */ = {
			isa = PBXVariantGroup;
			children = (
				5418F3D52BF5866900A27A6A /* Base */,
			);
			name = LaunchScreen.storyboard;
			sourceTree = "<group>";
		};
/* End PBXVariantGroup section */

/* Begin XCBuildConfiguration section */
		5418F3D82BF5866900A27A6A /* Debug */ = {
			isa = XCBuildConfiguration;
			buildSettings = {
				ALWAYS_SEARCH_USER_PATHS = NO;
				ASSETCATALOG_COMPILER_GENERATE_SWIFT_ASSET_SYMBOL_EXTENSIONS = YES;
				CLANG_ANALYZER_NONNULL = YES;
				CLANG_ANALYZER_NUMBER_OBJECT_CONVERSION = YES_AGGRESSIVE;
				CLANG_CXX_LANGUAGE_STANDARD = "gnu++20";
				CLANG_ENABLE_MODULES = YES;
				CLANG_ENABLE_OBJC_ARC = YES;
				CLANG_ENABLE_OBJC_WEAK = YES;
				CLANG_WARN_BLOCK_CAPTURE_AUTORELEASING = YES;
				CLANG_WARN_BOOL_CONVERSION = YES;
				CLANG_WARN_COMMA = YES;
				CLANG_WARN_CONSTANT_CONVERSION = YES;
				CLANG_WARN_DEPRECATED_OBJC_IMPLEMENTATIONS = YES;
				CLANG_WARN_DIRECT_OBJC_ISA_USAGE = YES_ERROR;
				CLANG_WARN_DOCUMENTATION_COMMENTS = YES;
				CLANG_WARN_EMPTY_BODY = YES;
				CLANG_WARN_ENUM_CONVERSION = YES;
				CLANG_WARN_INFINITE_RECURSION = YES;
				CLANG_WARN_INT_CONVERSION = YES;
				CLANG_WARN_NON_LITERAL_NULL_CONVERSION = YES;
				CLANG_WARN_OBJC_IMPLICIT_RETAIN_SELF = YES;
				CLANG_WARN_OBJC_LITERAL_CONVERSION = YES;
				CLANG_WARN_OBJC_ROOT_CLASS = YES_ERROR;
				CLANG_WARN_QUOTED_INCLUDE_IN_FRAMEWORK_HEADER = YES;
				CLANG_WARN_RANGE_LOOP_ANALYSIS = YES;
				CLANG_WARN_STRICT_PROTOTYPES = YES;
				CLANG_WARN_SUSPICIOUS_MOVE = YES;
				CLANG_WARN_UNGUARDED_AVAILABILITY = YES_AGGRESSIVE;
				CLANG_WARN_UNREACHABLE_CODE = YES;
				CLANG_WARN__DUPLICATE_METHOD_MATCH = YES;
				COPY_PHASE_STRIP = NO;
				DEBUG_INFORMATION_FORMAT = dwarf;
				ENABLE_STRICT_OBJC_MSGSEND = YES;
				ENABLE_TESTABILITY = YES;
				ENABLE_USER_SCRIPT_SANDBOXING = YES;
				GCC_C_LANGUAGE_STANDARD = gnu17;
				GCC_DYNAMIC_NO_PIC = NO;
				GCC_NO_COMMON_BLOCKS = YES;
				GCC_OPTIMIZATION_LEVEL = 0;
				GCC_PREPROCESSOR_DEFINITIONS = (
					"DEBUG=1",
					"$(inherited)",
				);
				GCC_WARN_64_TO_32_BIT_CONVERSION = YES;
				GCC_WARN_ABOUT_RETURN_TYPE = YES_ERROR;
				GCC_WARN_UNDECLARED_SELECTOR = YES;
				GCC_WARN_UNINITIALIZED_AUTOS = YES_AGGRESSIVE;
				GCC_WARN_UNUSED_FUNCTION = YES;
				GCC_WARN_UNUSED_VARIABLE = YES;
				IPHONEOS_DEPLOYMENT_TARGET = 17.4;
				LOCALIZATION_PREFERS_STRING_CATALOGS = YES;
				MTL_ENABLE_DEBUG_INFO = INCLUDE_SOURCE;
				MTL_FAST_MATH = YES;
				ONLY_ACTIVE_ARCH = YES;
				SDKROOT = iphoneos;
				SWIFT_ACTIVE_COMPILATION_CONDITIONS = "DEBUG $(inherited)";
				SWIFT_OPTIMIZATION_LEVEL = "-Onone";
			};
			name = Debug;
		};
		5418F3D92BF5866900A27A6A /* Release */ = {
			isa = XCBuildConfiguration;
			buildSettings = {
				ALWAYS_SEARCH_USER_PATHS = NO;
				ASSETCATALOG_COMPILER_GENERATE_SWIFT_ASSET_SYMBOL_EXTENSIONS = YES;
				CLANG_ANALYZER_NONNULL = YES;
				CLANG_ANALYZER_NUMBER_OBJECT_CONVERSION = YES_AGGRESSIVE;
				CLANG_CXX_LANGUAGE_STANDARD = "gnu++20";
				CLANG_ENABLE_MODULES = YES;
				CLANG_ENABLE_OBJC_ARC = YES;
				CLANG_ENABLE_OBJC_WEAK = YES;
				CLANG_WARN_BLOCK_CAPTURE_AUTORELEASING = YES;
				CLANG_WARN_BOOL_CONVERSION = YES;
				CLANG_WARN_COMMA = YES;
				CLANG_WARN_CONSTANT_CONVERSION = YES;
				CLANG_WARN_DEPRECATED_OBJC_IMPLEMENTATIONS = YES;
				CLANG_WARN_DIRECT_OBJC_ISA_USAGE = YES_ERROR;
				CLANG_WARN_DOCUMENTATION_COMMENTS = YES;
				CLANG_WARN_EMPTY_BODY = YES;
				CLANG_WARN_ENUM_CONVERSION = YES;
				CLANG_WARN_INFINITE_RECURSION = YES;
				CLANG_WARN_INT_CONVERSION = YES;
				CLANG_WARN_NON_LITERAL_NULL_CONVERSION = YES;
				CLANG_WARN_OBJC_IMPLICIT_RETAIN_SELF = YES;
				CLANG_WARN_OBJC_LITERAL_CONVERSION = YES;
				CLANG_WARN_OBJC_ROOT_CLASS = YES_ERROR;
				CLANG_WARN_QUOTED_INCLUDE_IN_FRAMEWORK_HEADER = YES;
				CLANG_WARN_RANGE_LOOP_ANALYSIS = YES;
				CLANG_WARN_STRICT_PROTOTYPES = YES;
				CLANG_WARN_SUSPICIOUS_MOVE = YES;
				CLANG_WARN_UNGUARDED_AVAILABILITY = YES_AGGRESSIVE;
				CLANG_WARN_UNREACHABLE_CODE = YES;
				CLANG_WARN__DUPLICATE_METHOD_MATCH = YES;
				COPY_PHASE_STRIP = NO;
				DEBUG_INFORMATION_FORMAT = "dwarf-with-dsym";
				ENABLE_NS_ASSERTIONS = NO;
				ENABLE_STRICT_OBJC_MSGSEND = YES;
				ENABLE_USER_SCRIPT_SANDBOXING = YES;
				GCC_C_LANGUAGE_STANDARD = gnu17;
				GCC_NO_COMMON_BLOCKS = YES;
				GCC_WARN_64_TO_32_BIT_CONVERSION = YES;
				GCC_WARN_ABOUT_RETURN_TYPE = YES_ERROR;
				GCC_WARN_UNDECLARED_SELECTOR = YES;
				GCC_WARN_UNINITIALIZED_AUTOS = YES_AGGRESSIVE;
				GCC_WARN_UNUSED_FUNCTION = YES;
				GCC_WARN_UNUSED_VARIABLE = YES;
				IPHONEOS_DEPLOYMENT_TARGET = 17.4;
				LOCALIZATION_PREFERS_STRING_CATALOGS = YES;
				MTL_ENABLE_DEBUG_INFO = NO;
				MTL_FAST_MATH = YES;
				SDKROOT = iphoneos;
				SWIFT_COMPILATION_MODE = wholemodule;
				VALIDATE_PRODUCT = YES;
			};
			name = Release;
		};
		5418F3DB2BF5866900A27A6A /* Debug */ = {
			isa = XCBuildConfiguration;
			buildSettings = {
				ASSETCATALOG_COMPILER_APPICON_NAME = AppIcon;
				ASSETCATALOG_COMPILER_GLOBAL_ACCENT_COLOR_NAME = AccentColor;
				CODE_SIGN_STYLE = Automatic;
				CURRENT_PROJECT_VERSION = 1;
				GENERATE_INFOPLIST_FILE = YES;
				INFOPLIST_FILE = TodoList/Info.plist;
				INFOPLIST_KEY_UIApplicationSupportsIndirectInputEvents = YES;
				INFOPLIST_KEY_UILaunchStoryboardName = LaunchScreen;
				INFOPLIST_KEY_UIMainStoryboardFile = Main;
				INFOPLIST_KEY_UISupportedInterfaceOrientations_iPad = "UIInterfaceOrientationPortrait UIInterfaceOrientationPortraitUpsideDown UIInterfaceOrientationLandscapeLeft UIInterfaceOrientationLandscapeRight";
				INFOPLIST_KEY_UISupportedInterfaceOrientations_iPhone = "UIInterfaceOrientationPortrait UIInterfaceOrientationLandscapeLeft UIInterfaceOrientationLandscapeRight";
				LD_RUNPATH_SEARCH_PATHS = (
					"$(inherited)",
					"@executable_path/Frameworks",
				);
				MARKETING_VERSION = 1.0;
				PRODUCT_BUNDLE_IDENTIFIER = com.swiftlec.TodoList;
				PRODUCT_NAME = "$(TARGET_NAME)";
				SUPPORTED_PLATFORMS = "iphoneos iphonesimulator";
				SUPPORTS_MACCATALYST = NO;
				SUPPORTS_MAC_DESIGNED_FOR_IPHONE_IPAD = NO;
				SUPPORTS_XR_DESIGNED_FOR_IPHONE_IPAD = NO;
				SWIFT_EMIT_LOC_STRINGS = YES;
				SWIFT_VERSION = 5.0;
				TARGETED_DEVICE_FAMILY = "1,2";
			};
			name = Debug;
		};
		5418F3DC2BF5866900A27A6A /* Release */ = {
			isa = XCBuildConfiguration;
			buildSettings = {
				ASSETCATALOG_COMPILER_APPICON_NAME = AppIcon;
				ASSETCATALOG_COMPILER_GLOBAL_ACCENT_COLOR_NAME = AccentColor;
				CODE_SIGN_STYLE = Automatic;
				CURRENT_PROJECT_VERSION = 1;
				GENERATE_INFOPLIST_FILE = YES;
				INFOPLIST_FILE = TodoList/Info.plist;
				INFOPLIST_KEY_UIApplicationSupportsIndirectInputEvents = YES;
				INFOPLIST_KEY_UILaunchStoryboardName = LaunchScreen;
				INFOPLIST_KEY_UIMainStoryboardFile = Main;
				INFOPLIST_KEY_UISupportedInterfaceOrientations_iPad = "UIInterfaceOrientationPortrait UIInterfaceOrientationPortraitUpsideDown UIInterfaceOrientationLandscapeLeft UIInterfaceOrientationLandscapeRight";
				INFOPLIST_KEY_UISupportedInterfaceOrientations_iPhone = "UIInterfaceOrientationPortrait UIInterfaceOrientationLandscapeLeft UIInterfaceOrientationLandscapeRight";
				LD_RUNPATH_SEARCH_PATHS = (
					"$(inherited)",
					"@executable_path/Frameworks",
				);
				MARKETING_VERSION = 1.0;
				PRODUCT_BUNDLE_IDENTIFIER = com.swiftlec.TodoList;
				PRODUCT_NAME = "$(TARGET_NAME)";
				SUPPORTED_PLATFORMS = "iphoneos iphonesimulator";
				SUPPORTS_MACCATALYST = NO;
				SUPPORTS_MAC_DESIGNED_FOR_IPHONE_IPAD = NO;
				SUPPORTS_XR_DESIGNED_FOR_IPHONE_IPAD = NO;
				SWIFT_EMIT_LOC_STRINGS = YES;
				SWIFT_VERSION = 5.0;
				TARGETED_DEVICE_FAMILY = "1,2";
			};
			name = Release;
		};
/* End XCBuildConfiguration section */

/* Begin XCConfigurationList section */
		5418F3C12BF5866800A27A6A /* Build configuration list for PBXProject "TodoList" */ = {
			isa = XCConfigurationList;
			buildConfigurations = (
				5418F3D82BF5866900A27A6A /* Debug */,
				5418F3D92BF5866900A27A6A /* Release */,
			);
			defaultConfigurationIsVisible = 0;
			defaultConfigurationName = Release;
		};
		5418F3DA2BF5866900A27A6A /* Build configuration list for PBXNativeTarget "TodoList" */ = {
			isa = XCConfigurationList;
			buildConfigurations = (
				5418F3DB2BF5866900A27A6A /* Debug */,
				5418F3DC2BF5866900A27A6A /* Release */,
			);
			defaultConfigurationIsVisible = 0;
			defaultConfigurationName = Release;
		};
/* End XCConfigurationList section */

/* Begin XCRemoteSwiftPackageReference section */
		5418F4002BF8AB6600A27A6A /* XCRemoteSwiftPackageReference "firebase-ios-sdk" */ = {
			isa = XCRemoteSwiftPackageReference;
			repositoryURL = "https://github.com/firebase/firebase-ios-sdk";
			requirement = {
				kind = upToNextMajorVersion;
				minimumVersion = 10.26.0;
			};
		};
/* End XCRemoteSwiftPackageReference section */

/* Begin XCSwiftPackageProductDependency section */
		5418F4012BF8AB6600A27A6A /* FirebaseAuth */ = {
			isa = XCSwiftPackageProductDependency;
			package = 5418F4002BF8AB6600A27A6A /* XCRemoteSwiftPackageReference "firebase-ios-sdk" */;
			productName = FirebaseAuth;
		};
		5418F4032BF8AB6600A27A6A /* FirebaseFirestore */ = {
			isa = XCSwiftPackageProductDependency;
			package = 5418F4002BF8AB6600A27A6A /* XCRemoteSwiftPackageReference "firebase-ios-sdk" */;
			productName = FirebaseFirestore;
		};
		5418F4052BF8AB6600A27A6A /* FirebaseStorage */ = {
			isa = XCSwiftPackageProductDependency;
			package = 5418F4002BF8AB6600A27A6A /* XCRemoteSwiftPackageReference "firebase-ios-sdk" */;
			productName = FirebaseStorage;
		};
/* End XCSwiftPackageProductDependency section */
	};
	rootObject = 5418F3BE2BF5866800A27A6A /* Project object */;
}
